
Microsoft Visual Studio Solution File, Format Version 12.00
# Visual Studio Version 16
VisualStudioVersion = 16.0.30204.135
MinimumVisualStudioVersion = 10.0.40219.1
Project("{FAE04EC0-301F-11D3-BF4B-00C04F79EFBC}") = "aspnet-mvc-tab-specific-session", "aspnet-mvc-tab-specific-session\aspnet-mvc-tab-specific-session.csproj", "{01DA16EB-2C1E-4EE0-8CE8-F3762B6E0145}"
EndProject
Global
	GlobalSection(SolutionConfigurationPlatforms) = preSolution
		Debug|Any CPU = Debug|Any CPU
		Release|Any CPU = Release|Any CPU
	EndGlobalSection
	GlobalSection(ProjectConfigurationPlatforms) = postSolution
		{01DA16EB-2C1E-4EE0-8CE8-F3762B6E0145}.Debug|Any CPU.ActiveCfg = Debug|Any CPU
		{01DA16EB-2C1E-4EE0-8CE8-F3762B6E0145}.Debug|Any CPU.Build.0 = Debug|Any CPU
		{01DA16EB-2C1E-4EE0-8CE8-F3762B6E0145}.Release|Any CPU.ActiveCfg = Release|Any CPU
		{01DA16EB-2C1E-4EE0-8CE8-F3762B6E0145}.Release|Any CPU.Build.0 = Release|Any CPU
	EndGlobalSection
	GlobalSection(SolutionProperties) = preSolution
		HideSolutionNode = FALSE
	EndGlobalSection
	GlobalSection(ExtensibilityGlobals) = postSolution
		SolutionGuid = {65D8558F-1B31-439B-8951-DAF77398293B}
	EndGlobalSection
EndGlobal
